{
  "version": 4,
  "terraform_version": "1.0.9",
  "serial": 26,
  "lineage": "05683dff-f5c2-9cba-0644-8dd78c32851b",
  "outputs": {
    "alb-dns-name": {
      "value": "fp-alb-1608459146.us-east-2.elb.amazonaws.com",
      "type": "string"
    }
  },
  "resources": [
    {
      "mode": "data",
      "type": "aws_availability_zones",
      "name": "azs",
      "provider": "provider[\"registry.terraform.io/hashicorp/aws\"]",
      "instances": [
        {
          "schema_version": 0,
          "attributes": {
            "all_availability_zones": null,
            "exclude_names": null,
            "exclude_zone_ids": null,
            "filter": null,
            "group_names": [
              "us-east-2"
            ],
            "id": "us-east-2",
            "names": [
              "us-east-2a",
              "us-east-2b",
              "us-east-2c"
            ],
            "state": null,
            "timeouts": null,
            "zone_ids": [
              "use2-az1",
              "use2-az2",
              "use2-az3"
            ]
          },
          "sensitive_attributes": []
        }
      ]
    },
    {
      "mode": "managed",
      "type": "aws_alb",
      "name": "fp-alb",
      "provider": "provider[\"registry.terraform.io/hashicorp/aws\"]",
      "instances": [
        {
          "schema_version": 0,
          "attributes": {
            "access_logs": [
              {
                "bucket": "",
                "enabled": false,
                "prefix": ""
              }
            ],
            "arn": "arn:aws:elasticloadbalancing:us-east-2:128810856714:loadbalancer/app/fp-alb/814fed753e6b00df",
            "arn_suffix": "app/fp-alb/814fed753e6b00df",
            "customer_owned_ipv4_pool": "",
            "desync_mitigation_mode": "defensive",
            "dns_name": "fp-alb-1608459146.us-east-2.elb.amazonaws.com",
            "drop_invalid_header_fields": false,
            "enable_cross_zone_load_balancing": true,
            "enable_deletion_protection": false,
            "enable_http2": true,
            "enable_waf_fail_open": false,
            "id": "arn:aws:elasticloadbalancing:us-east-2:128810856714:loadbalancer/app/fp-alb/814fed753e6b00df",
            "idle_timeout": 60,
            "internal": false,
            "ip_address_type": "ipv4",
            "load_balancer_type": "application",
            "name": "fp-alb",
            "name_prefix": null,
            "preserve_host_header": false,
            "security_groups": [
              "sg-02a46ba5248f81c74"
            ],
            "subnet_mapping": [
              {
                "allocation_id": "",
                "ipv6_address": "",
                "outpost_id": "",
                "private_ipv4_address": "",
                "subnet_id": "subnet-06828e39ae4701c5d"
              },
              {
                "allocation_id": "",
                "ipv6_address": "",
                "outpost_id": "",
                "private_ipv4_address": "",
                "subnet_id": "subnet-0d902bdf24581be14"
              }
            ],
            "subnets": [
              "subnet-06828e39ae4701c5d",
              "subnet-0d902bdf24581be14"
            ],
            "tags": null,
            "tags_all": {},
            "timeouts": null,
            "vpc_id": "vpc-0b013cdcb6a08f1d8",
            "zone_id": "Z3AADJGX6KTTL2"
          },
          "sensitive_attributes": [],
          "private": "eyJlMmJmYjczMC1lY2FhLTExZTYtOGY4OC0zNDM2M2JjN2M0YzAiOnsiY3JlYXRlIjo2MDAwMDAwMDAwMDAsImRlbGV0ZSI6NjAwMDAwMDAwMDAwLCJ1cGRhdGUiOjYwMDAwMDAwMDAwMH19",
          "dependencies": [
            "aws_security_group.fp-alb-sg",
            "aws_subnet.fp-public-subnets",
            "aws_vpc.fp-vpc",
            "data.aws_availability_zones.azs"
          ]
        }
      ]
    },
    {
      "mode": "managed",
      "type": "aws_alb_listener",
      "name": "fp-alb-listener",
      "provider": "provider[\"registry.terraform.io/hashicorp/aws\"]",
      "instances": [
        {
          "schema_version": 0,
          "attributes": {
            "alpn_policy": null,
            "arn": "arn:aws:elasticloadbalancing:us-east-2:128810856714:listener/app/fp-alb/814fed753e6b00df/872827081d2b7740",
            "certificate_arn": null,
            "default_action": [
              {
                "authenticate_cognito": [],
                "authenticate_oidc": [],
                "fixed_response": [],
                "forward": [],
                "order": 1,
                "redirect": [],
                "target_group_arn": "arn:aws:elasticloadbalancing:us-east-2:128810856714:targetgroup/fp-ecs-target-group/80aeda82acfd9f28",
                "type": "forward"
              }
            ],
            "id": "arn:aws:elasticloadbalancing:us-east-2:128810856714:listener/app/fp-alb/814fed753e6b00df/872827081d2b7740",
            "load_balancer_arn": "arn:aws:elasticloadbalancing:us-east-2:128810856714:loadbalancer/app/fp-alb/814fed753e6b00df",
            "port": 80,
            "protocol": "HTTP",
            "ssl_policy": "",
            "tags": null,
            "tags_all": {},
            "timeouts": null
          },
          "sensitive_attributes": [],
          "private": "eyJlMmJmYjczMC1lY2FhLTExZTYtOGY4OC0zNDM2M2JjN2M0YzAiOnsicmVhZCI6NjAwMDAwMDAwMDAwfX0=",
          "dependencies": [
            "aws_alb.fp-alb",
            "aws_alb_target_group.fp-target-group",
            "aws_security_group.fp-alb-sg",
            "aws_subnet.fp-public-subnets",
            "aws_vpc.fp-vpc",
            "data.aws_availability_zones.azs"
          ]
        }
      ]
    },
    {
      "mode": "managed",
      "type": "aws_alb_target_group",
      "name": "fp-target-group",
      "provider": "provider[\"registry.terraform.io/hashicorp/aws\"]",
      "instances": [
        {
          "schema_version": 0,
          "attributes": {
            "arn": "arn:aws:elasticloadbalancing:us-east-2:128810856714:targetgroup/fp-ecs-target-group/80aeda82acfd9f28",
            "arn_suffix": "targetgroup/fp-ecs-target-group/80aeda82acfd9f28",
            "connection_termination": false,
            "deregistration_delay": "300",
            "health_check": [
              {
                "enabled": true,
                "healthy_threshold": 5,
                "interval": 30,
                "matcher": "200",
                "path": "/",
                "port": "traffic-port",
                "protocol": "HTTP",
                "timeout": 5,
                "unhealthy_threshold": 2
              }
            ],
            "id": "arn:aws:elasticloadbalancing:us-east-2:128810856714:targetgroup/fp-ecs-target-group/80aeda82acfd9f28",
            "ip_address_type": "ipv4",
            "lambda_multi_value_headers_enabled": false,
            "load_balancing_algorithm_type": "round_robin",
            "name": "fp-ecs-target-group",
            "name_prefix": null,
            "port": 80,
            "preserve_client_ip": null,
            "protocol": "HTTP",
            "protocol_version": "HTTP1",
            "proxy_protocol_v2": false,
            "slow_start": 0,
            "stickiness": [
              {
                "cookie_duration": 86400,
                "cookie_name": "",
                "enabled": false,
                "type": "lb_cookie"
              }
            ],
            "tags": null,
            "tags_all": {},
            "target_failover": [
              {
                "on_deregistration": null,
                "on_unhealthy": null
              }
            ],
            "target_type": "ip",
            "vpc_id": "vpc-0b013cdcb6a08f1d8"
          },
          "sensitive_attributes": [],
          "private": "bnVsbA==",
          "dependencies": [
            "aws_vpc.fp-vpc"
          ]
        }
      ]
    },
    {
      "mode": "managed",
      "type": "aws_db_instance",
      "name": "fp-rds",
      "provider": "provider[\"registry.terraform.io/hashicorp/aws\"]",
      "instances": [
        {
          "schema_version": 1,
          "attributes": {
            "address": "terraform-20230131193119962500000001.cwyfibr9rc8a.us-east-2.rds.amazonaws.com",
            "allocated_storage": 20,
            "allow_major_version_upgrade": false,
            "apply_immediately": true,
            "arn": "arn:aws:rds:us-east-2:128810856714:db:terraform-20230131193119962500000001",
            "auto_minor_version_upgrade": false,
            "availability_zone": "us-east-2a",
            "backup_retention_period": 0,
            "backup_window": "08:57-09:27",
            "blue_green_update": [],
            "ca_cert_identifier": "rds-ca-2019",
            "character_set_name": "",
            "copy_tags_to_snapshot": false,
            "custom_iam_instance_profile": "",
            "customer_owned_ip_enabled": false,
            "db_name": "postgresdb",
            "db_subnet_group_name": "postgres-db-subnet-group",
            "delete_automated_backups": true,
            "deletion_protection": false,
            "domain": "",
            "domain_iam_role_name": "",
            "enabled_cloudwatch_logs_exports": null,
            "endpoint": "terraform-20230131193119962500000001.cwyfibr9rc8a.us-east-2.rds.amazonaws.com:5432",
            "engine": "postgres",
            "engine_version": "11",
            "engine_version_actual": "11.16",
            "final_snapshot_identifier": null,
            "hosted_zone_id": "Z2XHWR1WZ565X2",
            "iam_database_authentication_enabled": false,
            "id": "terraform-20230131193119962500000001",
            "identifier": "terraform-20230131193119962500000001",
            "identifier_prefix": "terraform-",
            "instance_class": "db.t2.micro",
            "iops": 0,
            "kms_key_id": "",
            "latest_restorable_time": "",
            "license_model": "postgresql-license",
            "maintenance_window": "tue:10:18-tue:10:48",
            "max_allocated_storage": 0,
            "monitoring_interval": 0,
            "monitoring_role_arn": "",
            "multi_az": false,
            "name": "postgresdb",
            "nchar_character_set_name": "",
            "network_type": "IPV4",
            "option_group_name": "default:postgres-11",
            "parameter_group_name": "default.postgres11",
            "password": "admin123",
            "performance_insights_enabled": false,
            "performance_insights_kms_key_id": "",
            "performance_insights_retention_period": 0,
            "port": 5432,
            "publicly_accessible": false,
            "replica_mode": "",
            "replicas": [],
            "replicate_source_db": "",
            "resource_id": "db-SYBGS3DCEM75VSAINOX3O3QB3I",
            "restore_to_point_in_time": [],
            "s3_import": [],
            "security_group_names": null,
            "skip_final_snapshot": false,
            "snapshot_identifier": null,
            "status": "available",
            "storage_encrypted": false,
            "storage_throughput": 0,
            "storage_type": "gp2",
            "tags": null,
            "tags_all": {},
            "timeouts": null,
            "timezone": "",
            "username": "root",
            "vpc_security_group_ids": [
              "sg-08d34e9275a96a6b0"
            ]
          },
          "sensitive_attributes": [],
          "private": "eyJlMmJmYjczMC1lY2FhLTExZTYtOGY4OC0zNDM2M2JjN2M0YzAiOnsiY3JlYXRlIjoyNDAwMDAwMDAwMDAwLCJkZWxldGUiOjM2MDAwMDAwMDAwMDAsInVwZGF0ZSI6NDgwMDAwMDAwMDAwMH0sInNjaGVtYV92ZXJzaW9uIjoiMSJ9",
          "dependencies": [
            "aws_db_subnet_group.fp-db-subnet",
            "aws_security_group.rds-db-sg",
            "aws_subnet.fp-private-subnets",
            "aws_vpc.fp-vpc",
            "data.aws_availability_zones.azs"
          ]
        }
      ]
    },
    {
      "mode": "managed",
      "type": "aws_db_subnet_group",
      "name": "fp-db-subnet",
      "provider": "provider[\"registry.terraform.io/hashicorp/aws\"]",
      "instances": [
        {
          "schema_version": 0,
          "attributes": {
            "arn": "arn:aws:rds:us-east-2:128810856714:subgrp:postgres-db-subnet-group",
            "description": "Managed by Terraform",
            "id": "postgres-db-subnet-group",
            "name": "postgres-db-subnet-group",
            "name_prefix": "",
            "subnet_ids": [
              "subnet-0a2136eb1c5a20495",
              "subnet-0b5533cae813e24f8"
            ],
            "supported_network_types": [
              "IPV4"
            ],
            "tags": {
              "Name": "flask-postgres-db-subnet"
            },
            "tags_all": {
              "Name": "flask-postgres-db-subnet"
            }
          },
          "sensitive_attributes": [],
          "private": "bnVsbA==",
          "dependencies": [
            "aws_subnet.fp-private-subnets",
            "aws_vpc.fp-vpc",
            "data.aws_availability_zones.azs"
          ]
        }
      ]
    },
    {
      "mode": "managed",
      "type": "aws_default_route_table",
      "name": "flask-postgres-private-default",
      "provider": "provider[\"registry.terraform.io/hashicorp/aws\"]",
      "instances": [
        {
          "schema_version": 0,
          "attributes": {
            "arn": "arn:aws:ec2:us-east-2:128810856714:route-table/rtb-0c5e1abf2195ed14b",
            "default_route_table_id": "rtb-0c5e1abf2195ed14b",
            "id": "rtb-0c5e1abf2195ed14b",
            "owner_id": "128810856714",
            "propagating_vgws": null,
            "route": [],
            "tags": {
              "Name": "flask-postgres-rt-private-default"
            },
            "tags_all": {
              "Name": "flask-postgres-rt-private-default"
            },
            "timeouts": null,
            "vpc_id": "vpc-0b013cdcb6a08f1d8"
          },
          "sensitive_attributes": [],
          "private": "eyJlMmJmYjczMC1lY2FhLTExZTYtOGY4OC0zNDM2M2JjN2M0YzAiOnsiY3JlYXRlIjoxMjAwMDAwMDAwMDAsInVwZGF0ZSI6MTIwMDAwMDAwMDAwfX0=",
          "dependencies": [
            "aws_vpc.fp-vpc"
          ]
        }
      ]
    },
    {
      "mode": "managed",
      "type": "aws_ecs_cluster",
      "name": "fp-ecs-cluster",
      "provider": "provider[\"registry.terraform.io/hashicorp/aws\"]",
      "instances": [
        {
          "schema_version": 0,
          "attributes": {
            "arn": "arn:aws:ecs:us-east-2:128810856714:cluster/flask-app",
            "capacity_providers": [],
            "configuration": [],
            "default_capacity_provider_strategy": [],
            "id": "arn:aws:ecs:us-east-2:128810856714:cluster/flask-app",
            "name": "flask-app",
            "service_connect_defaults": [],
            "setting": [
              {
                "name": "containerInsights",
                "value": "disabled"
              }
            ],
            "tags": {
              "Name": "flask-app"
            },
            "tags_all": {
              "Name": "flask-app"
            }
          },
          "sensitive_attributes": [],
          "private": "bnVsbA=="
        }
      ]
    },
    {
      "mode": "managed",
      "type": "aws_ecs_service",
      "name": "flask-service",
      "provider": "provider[\"registry.terraform.io/hashicorp/aws\"]",
      "instances": [
        {
          "schema_version": 0,
          "attributes": {
            "alarms": [],
            "capacity_provider_strategy": [],
            "cluster": "arn:aws:ecs:us-east-2:128810856714:cluster/flask-app",
            "deployment_circuit_breaker": [
              {
                "enable": false,
                "rollback": false
              }
            ],
            "deployment_controller": [
              {
                "type": "ECS"
              }
            ],
            "deployment_maximum_percent": 200,
            "deployment_minimum_healthy_percent": 100,
            "desired_count": 2,
            "enable_ecs_managed_tags": false,
            "enable_execute_command": false,
            "force_new_deployment": null,
            "health_check_grace_period_seconds": 0,
            "iam_role": "aws-service-role",
            "id": "arn:aws:ecs:us-east-2:128810856714:service/flask-app/flask-app-service",
            "launch_type": "FARGATE",
            "load_balancer": [
              {
                "container_name": "flask-app",
                "container_port": 8080,
                "elb_name": "",
                "target_group_arn": "arn:aws:elasticloadbalancing:us-east-2:128810856714:targetgroup/fp-ecs-target-group/80aeda82acfd9f28"
              }
            ],
            "name": "flask-app-service",
            "network_configuration": [
              {
                "assign_public_ip": true,
                "security_groups": [
                  "sg-0afa04e1537257f82"
                ],
                "subnets": [
                  "subnet-06828e39ae4701c5d",
                  "subnet-0d902bdf24581be14"
                ]
              }
            ],
            "ordered_placement_strategy": [],
            "placement_constraints": [],
            "platform_version": "LATEST",
            "propagate_tags": "NONE",
            "scheduling_strategy": "REPLICA",
            "service_connect_configuration": [],
            "service_registries": [],
            "tags": null,
            "tags_all": {},
            "task_definition": "arn:aws:ecs:us-east-2:128810856714:task-definition/flask-app:1",
            "timeouts": null,
            "triggers": {},
            "wait_for_steady_state": false
          },
          "sensitive_attributes": [],
          "private": "eyJlMmJmYjczMC1lY2FhLTExZTYtOGY4OC0zNDM2M2JjN2M0YzAiOnsiY3JlYXRlIjoxMjAwMDAwMDAwMDAwLCJkZWxldGUiOjEyMDAwMDAwMDAwMDAsInVwZGF0ZSI6MTIwMDAwMDAwMDAwMH19",
          "dependencies": [
            "aws_alb.fp-alb",
            "aws_alb_listener.fp-alb-listener",
            "aws_alb_target_group.fp-target-group",
            "aws_db_instance.fp-rds",
            "aws_db_subnet_group.fp-db-subnet",
            "aws_ecs_cluster.fp-ecs-cluster",
            "aws_ecs_task_definition.fp-ecs-task",
            "aws_security_group.fp-alb-sg",
            "aws_security_group.fp-ecs-sg",
            "aws_security_group.rds-db-sg",
            "aws_subnet.fp-private-subnets",
            "aws_subnet.fp-public-subnets",
            "aws_vpc.fp-vpc",
            "data.aws_availability_zones.azs",
            "random_string.flask-secret-key"
          ]
        }
      ]
    },
    {
      "mode": "managed",
      "type": "aws_ecs_task_definition",
      "name": "fp-ecs-task",
      "provider": "provider[\"registry.terraform.io/hashicorp/aws\"]",
      "instances": [
        {
          "schema_version": 1,
          "attributes": {
            "arn": "arn:aws:ecs:us-east-2:128810856714:task-definition/flask-app:1",
            "container_definitions": "[{\"cpu\":0,\"environment\":[{\"name\":\"APP_HOME\",\"value\":\"flask-postgres/src/\"},{\"name\":\"APP_PORT\",\"value\":\"8080\"},{\"name\":\"APP_SECRET_KEY\",\"value\":\"MeW0LljJstxXoFp/\"},{\"name\":\"FLASK_APP\",\"value\":\"app\"},{\"name\":\"FLASK_ENV\",\"value\":\"production\"},{\"name\":\"POSTGRES_DATABASE\",\"value\":\"postgresdb\"},{\"name\":\"POSTGRES_ENDPOINT\",\"value\":\"terraform-20230131193119962500000001.cwyfibr9rc8a.us-east-2.rds.amazonaws.com:5432\"},{\"name\":\"POSTGRES_PASSWORD\",\"value\":\"admin123\"},{\"name\":\"POSTGRES_USER\",\"value\":\"root\"}],\"essential\":true,\"image\":\"docker.io/doodmanbro/flask-app:0.1.0\",\"mountPoints\":[],\"name\":\"flask-app\",\"portMappings\":[{\"containerPort\":8080,\"hostPort\":8080,\"protocol\":\"tcp\"}],\"volumesFrom\":[]}]",
            "cpu": "512",
            "ephemeral_storage": [],
            "execution_role_arn": "",
            "family": "flask-app",
            "id": "flask-app",
            "inference_accelerator": [],
            "ipc_mode": "",
            "memory": "2048",
            "network_mode": "awsvpc",
            "pid_mode": "",
            "placement_constraints": [],
            "proxy_configuration": [],
            "requires_compatibilities": [
              "FARGATE"
            ],
            "revision": 1,
            "runtime_platform": [],
            "skip_destroy": false,
            "tags": null,
            "tags_all": {},
            "task_role_arn": "",
            "volume": []
          },
          "sensitive_attributes": [
            [
              {
                "type": "get_attr",
                "value": "container_definitions"
              }
            ]
          ],
          "private": "eyJzY2hlbWFfdmVyc2lvbiI6IjEifQ==",
          "dependencies": [
            "aws_db_instance.fp-rds",
            "aws_db_subnet_group.fp-db-subnet",
            "aws_security_group.rds-db-sg",
            "aws_subnet.fp-private-subnets",
            "aws_vpc.fp-vpc",
            "data.aws_availability_zones.azs",
            "random_string.flask-secret-key"
          ]
        }
      ]
    },
    {
      "mode": "managed",
      "type": "aws_internet_gateway",
      "name": "fp-igw",
      "provider": "provider[\"registry.terraform.io/hashicorp/aws\"]",
      "instances": [
        {
          "schema_version": 0,
          "attributes": {
            "arn": "arn:aws:ec2:us-east-2:128810856714:internet-gateway/igw-09544baeeb1e95ab5",
            "id": "igw-09544baeeb1e95ab5",
            "owner_id": "128810856714",
            "tags": {
              "Name": "flask-postgres-igw"
            },
            "tags_all": {
              "Name": "flask-postgres-igw"
            },
            "timeouts": null,
            "vpc_id": "vpc-0b013cdcb6a08f1d8"
          },
          "sensitive_attributes": [],
          "private": "eyJlMmJmYjczMC1lY2FhLTExZTYtOGY4OC0zNDM2M2JjN2M0YzAiOnsiY3JlYXRlIjoxMjAwMDAwMDAwMDAwLCJkZWxldGUiOjEyMDAwMDAwMDAwMDAsInVwZGF0ZSI6MTIwMDAwMDAwMDAwMH19",
          "dependencies": [
            "aws_vpc.fp-vpc"
          ]
        }
      ]
    },
    {
      "mode": "managed",
      "type": "aws_route_table",
      "name": "fp-rt-public",
      "provider": "provider[\"registry.terraform.io/hashicorp/aws\"]",
      "instances": [
        {
          "schema_version": 0,
          "attributes": {
            "arn": "arn:aws:ec2:us-east-2:128810856714:route-table/rtb-06452f73923a011d8",
            "id": "rtb-06452f73923a011d8",
            "owner_id": "128810856714",
            "propagating_vgws": [],
            "route": [
              {
                "carrier_gateway_id": "",
                "cidr_block": "0.0.0.0/0",
                "core_network_arn": "",
                "destination_prefix_list_id": "",
                "egress_only_gateway_id": "",
                "gateway_id": "igw-09544baeeb1e95ab5",
                "instance_id": "",
                "ipv6_cidr_block": "",
                "local_gateway_id": "",
                "nat_gateway_id": "",
                "network_interface_id": "",
                "transit_gateway_id": "",
                "vpc_endpoint_id": "",
                "vpc_peering_connection_id": ""
              }
            ],
            "tags": {
              "Name": "flask-postgres-rt-public"
            },
            "tags_all": {
              "Name": "flask-postgres-rt-public"
            },
            "timeouts": null,
            "vpc_id": "vpc-0b013cdcb6a08f1d8"
          },
          "sensitive_attributes": [],
          "private": "eyJlMmJmYjczMC1lY2FhLTExZTYtOGY4OC0zNDM2M2JjN2M0YzAiOnsiY3JlYXRlIjozMDAwMDAwMDAwMDAsImRlbGV0ZSI6MzAwMDAwMDAwMDAwLCJ1cGRhdGUiOjEyMDAwMDAwMDAwMH19",
          "dependencies": [
            "aws_internet_gateway.fp-igw",
            "aws_vpc.fp-vpc"
          ]
        }
      ]
    },
    {
      "mode": "managed",
      "type": "aws_route_table_association",
      "name": "fp-private-rt-assc",
      "provider": "provider[\"registry.terraform.io/hashicorp/aws\"]",
      "instances": [
        {
          "index_key": 0,
          "schema_version": 0,
          "attributes": {
            "gateway_id": "",
            "id": "rtbassoc-01d3ca62b41241081",
            "route_table_id": "rtb-06452f73923a011d8",
            "subnet_id": "subnet-0a2136eb1c5a20495"
          },
          "sensitive_attributes": [],
          "private": "bnVsbA==",
          "dependencies": [
            "aws_internet_gateway.fp-igw",
            "aws_route_table.fp-rt-public",
            "aws_subnet.fp-private-subnets",
            "aws_vpc.fp-vpc",
            "data.aws_availability_zones.azs"
          ]
        },
        {
          "index_key": 1,
          "schema_version": 0,
          "attributes": {
            "gateway_id": "",
            "id": "rtbassoc-05a591ae0235de095",
            "route_table_id": "rtb-06452f73923a011d8",
            "subnet_id": "subnet-0b5533cae813e24f8"
          },
          "sensitive_attributes": [],
          "private": "bnVsbA==",
          "dependencies": [
            "aws_internet_gateway.fp-igw",
            "aws_route_table.fp-rt-public",
            "aws_subnet.fp-private-subnets",
            "aws_vpc.fp-vpc",
            "data.aws_availability_zones.azs"
          ]
        }
      ]
    },
    {
      "mode": "managed",
      "type": "aws_route_table_association",
      "name": "fp-public-rt-assc",
      "provider": "provider[\"registry.terraform.io/hashicorp/aws\"]",
      "instances": [
        {
          "index_key": 0,
          "schema_version": 0,
          "attributes": {
            "gateway_id": "",
            "id": "rtbassoc-0207807fc82bce3b4",
            "route_table_id": "rtb-06452f73923a011d8",
            "subnet_id": "subnet-0d902bdf24581be14"
          },
          "sensitive_attributes": [],
          "private": "bnVsbA==",
          "dependencies": [
            "aws_internet_gateway.fp-igw",
            "aws_route_table.fp-rt-public",
            "aws_subnet.fp-public-subnets",
            "aws_vpc.fp-vpc",
            "data.aws_availability_zones.azs"
          ]
        },
        {
          "index_key": 1,
          "schema_version": 0,
          "attributes": {
            "gateway_id": "",
            "id": "rtbassoc-02a66bc7bde2f392f",
            "route_table_id": "rtb-06452f73923a011d8",
            "subnet_id": "subnet-06828e39ae4701c5d"
          },
          "sensitive_attributes": [],
          "private": "bnVsbA==",
          "dependencies": [
            "aws_internet_gateway.fp-igw",
            "aws_route_table.fp-rt-public",
            "aws_subnet.fp-public-subnets",
            "aws_vpc.fp-vpc",
            "data.aws_availability_zones.azs"
          ]
        }
      ]
    },
    {
      "mode": "managed",
      "type": "aws_security_group",
      "name": "fp-alb-sg",
      "provider": "provider[\"registry.terraform.io/hashicorp/aws\"]",
      "instances": [
        {
          "schema_version": 1,
          "attributes": {
            "arn": "arn:aws:ec2:us-east-2:128810856714:security-group/sg-02a46ba5248f81c74",
            "description": "control access to the application load balancer",
            "egress": [
              {
                "cidr_blocks": [
                  "0.0.0.0/0"
                ],
                "description": "",
                "from_port": 0,
                "ipv6_cidr_blocks": [],
                "prefix_list_ids": [],
                "protocol": "-1",
                "security_groups": [],
                "self": false,
                "to_port": 0
              }
            ],
            "id": "sg-02a46ba5248f81c74",
            "ingress": [
              {
                "cidr_blocks": [
                  "0.0.0.0/0"
                ],
                "description": "",
                "from_port": 80,
                "ipv6_cidr_blocks": [],
                "prefix_list_ids": [],
                "protocol": "tcp",
                "security_groups": [],
                "self": false,
                "to_port": 80
              }
            ],
            "name": "fp-app-alb",
            "name_prefix": "",
            "owner_id": "128810856714",
            "revoke_rules_on_delete": false,
            "tags": null,
            "tags_all": {},
            "timeouts": null,
            "vpc_id": "vpc-0b013cdcb6a08f1d8"
          },
          "sensitive_attributes": [],
          "private": "eyJlMmJmYjczMC1lY2FhLTExZTYtOGY4OC0zNDM2M2JjN2M0YzAiOnsiY3JlYXRlIjo2MDAwMDAwMDAwMDAsImRlbGV0ZSI6OTAwMDAwMDAwMDAwfSwic2NoZW1hX3ZlcnNpb24iOiIxIn0=",
          "dependencies": [
            "aws_vpc.fp-vpc"
          ]
        }
      ]
    },
    {
      "mode": "managed",
      "type": "aws_security_group",
      "name": "fp-ecs-sg",
      "provider": "provider[\"registry.terraform.io/hashicorp/aws\"]",
      "instances": [
        {
          "schema_version": 1,
          "attributes": {
            "arn": "arn:aws:ec2:us-east-2:128810856714:security-group/sg-0afa04e1537257f82",
            "description": "control access to the ecs cluster",
            "egress": [
              {
                "cidr_blocks": [
                  "0.0.0.0/0"
                ],
                "description": "",
                "from_port": 0,
                "ipv6_cidr_blocks": [],
                "prefix_list_ids": [],
                "protocol": "-1",
                "security_groups": [],
                "self": false,
                "to_port": 0
              }
            ],
            "id": "sg-0afa04e1537257f82",
            "ingress": [
              {
                "cidr_blocks": [],
                "description": "",
                "from_port": 8080,
                "ipv6_cidr_blocks": [],
                "prefix_list_ids": [],
                "protocol": "tcp",
                "security_groups": [
                  "sg-02a46ba5248f81c74"
                ],
                "self": false,
                "to_port": 8080
              }
            ],
            "name": "fp-app-ecs-from-alb",
            "name_prefix": "",
            "owner_id": "128810856714",
            "revoke_rules_on_delete": false,
            "tags": null,
            "tags_all": {},
            "timeouts": null,
            "vpc_id": "vpc-0b013cdcb6a08f1d8"
          },
          "sensitive_attributes": [],
          "private": "eyJlMmJmYjczMC1lY2FhLTExZTYtOGY4OC0zNDM2M2JjN2M0YzAiOnsiY3JlYXRlIjo2MDAwMDAwMDAwMDAsImRlbGV0ZSI6OTAwMDAwMDAwMDAwfSwic2NoZW1hX3ZlcnNpb24iOiIxIn0=",
          "dependencies": [
            "aws_security_group.fp-alb-sg",
            "aws_vpc.fp-vpc"
          ]
        }
      ]
    },
    {
      "mode": "managed",
      "type": "aws_security_group",
      "name": "fp-public-sg",
      "provider": "provider[\"registry.terraform.io/hashicorp/aws\"]",
      "instances": [
        {
          "schema_version": 1,
          "attributes": {
            "arn": "arn:aws:ec2:us-east-2:128810856714:security-group/sg-01dda4f23f52decd0",
            "description": "access to public instances",
            "egress": [],
            "id": "sg-01dda4f23f52decd0",
            "ingress": [],
            "name": "fp-public-group",
            "name_prefix": "",
            "owner_id": "128810856714",
            "revoke_rules_on_delete": false,
            "tags": null,
            "tags_all": {},
            "timeouts": null,
            "vpc_id": "vpc-0b013cdcb6a08f1d8"
          },
          "sensitive_attributes": [],
          "private": "eyJlMmJmYjczMC1lY2FhLTExZTYtOGY4OC0zNDM2M2JjN2M0YzAiOnsiY3JlYXRlIjo2MDAwMDAwMDAwMDAsImRlbGV0ZSI6OTAwMDAwMDAwMDAwfSwic2NoZW1hX3ZlcnNpb24iOiIxIn0=",
          "dependencies": [
            "aws_vpc.fp-vpc"
          ]
        }
      ]
    },
    {
      "mode": "managed",
      "type": "aws_security_group",
      "name": "rds-db-sg",
      "provider": "provider[\"registry.terraform.io/hashicorp/aws\"]",
      "instances": [
        {
          "schema_version": 1,
          "attributes": {
            "arn": "arn:aws:ec2:us-east-2:128810856714:security-group/sg-08d34e9275a96a6b0",
            "description": "Managed by Terraform",
            "egress": [
              {
                "cidr_blocks": [
                  "0.0.0.0/0"
                ],
                "description": "",
                "from_port": 0,
                "ipv6_cidr_blocks": [],
                "prefix_list_ids": [],
                "protocol": "-1",
                "security_groups": [],
                "self": false,
                "to_port": 0
              }
            ],
            "id": "sg-08d34e9275a96a6b0",
            "ingress": [
              {
                "cidr_blocks": [
                  "0.0.0.0/0"
                ],
                "description": "",
                "from_port": 5432,
                "ipv6_cidr_blocks": [],
                "prefix_list_ids": [],
                "protocol": "tcp",
                "security_groups": [],
                "self": false,
                "to_port": 5432
              }
            ],
            "name": "postgres-security-group",
            "name_prefix": "",
            "owner_id": "128810856714",
            "revoke_rules_on_delete": false,
            "tags": null,
            "tags_all": {},
            "timeouts": null,
            "vpc_id": "vpc-0b013cdcb6a08f1d8"
          },
          "sensitive_attributes": [],
          "private": "eyJlMmJmYjczMC1lY2FhLTExZTYtOGY4OC0zNDM2M2JjN2M0YzAiOnsiY3JlYXRlIjo2MDAwMDAwMDAwMDAsImRlbGV0ZSI6OTAwMDAwMDAwMDAwfSwic2NoZW1hX3ZlcnNpb24iOiIxIn0=",
          "dependencies": [
            "aws_vpc.fp-vpc"
          ]
        }
      ]
    },
    {
      "mode": "managed",
      "type": "aws_subnet",
      "name": "fp-private-subnets",
      "provider": "provider[\"registry.terraform.io/hashicorp/aws\"]",
      "instances": [
        {
          "index_key": 0,
          "schema_version": 1,
          "attributes": {
            "arn": "arn:aws:ec2:us-east-2:128810856714:subnet/subnet-0a2136eb1c5a20495",
            "assign_ipv6_address_on_creation": false,
            "availability_zone": "us-east-2a",
            "availability_zone_id": "use2-az1",
            "cidr_block": "10.0.3.0/24",
            "customer_owned_ipv4_pool": "",
            "enable_dns64": false,
            "enable_resource_name_dns_a_record_on_launch": false,
            "enable_resource_name_dns_aaaa_record_on_launch": false,
            "id": "subnet-0a2136eb1c5a20495",
            "ipv6_cidr_block": "",
            "ipv6_cidr_block_association_id": "",
            "ipv6_native": false,
            "map_customer_owned_ip_on_launch": false,
            "map_public_ip_on_launch": false,
            "outpost_arn": "",
            "owner_id": "128810856714",
            "private_dns_hostname_type_on_launch": "ip-name",
            "tags": {
              "Name": "flask-postgres-tf-private-1"
            },
            "tags_all": {
              "Name": "flask-postgres-tf-private-1"
            },
            "timeouts": null,
            "vpc_id": "vpc-0b013cdcb6a08f1d8"
          },
          "sensitive_attributes": [],
          "private": "eyJlMmJmYjczMC1lY2FhLTExZTYtOGY4OC0zNDM2M2JjN2M0YzAiOnsiY3JlYXRlIjo2MDAwMDAwMDAwMDAsImRlbGV0ZSI6MTIwMDAwMDAwMDAwMH0sInNjaGVtYV92ZXJzaW9uIjoiMSJ9",
          "dependencies": [
            "aws_vpc.fp-vpc",
            "data.aws_availability_zones.azs"
          ]
        },
        {
          "index_key": 1,
          "schema_version": 1,
          "attributes": {
            "arn": "arn:aws:ec2:us-east-2:128810856714:subnet/subnet-0b5533cae813e24f8",
            "assign_ipv6_address_on_creation": false,
            "availability_zone": "us-east-2b",
            "availability_zone_id": "use2-az2",
            "cidr_block": "10.0.4.0/24",
            "customer_owned_ipv4_pool": "",
            "enable_dns64": false,
            "enable_resource_name_dns_a_record_on_launch": false,
            "enable_resource_name_dns_aaaa_record_on_launch": false,
            "id": "subnet-0b5533cae813e24f8",
            "ipv6_cidr_block": "",
            "ipv6_cidr_block_association_id": "",
            "ipv6_native": false,
            "map_customer_owned_ip_on_launch": false,
            "map_public_ip_on_launch": false,
            "outpost_arn": "",
            "owner_id": "128810856714",
            "private_dns_hostname_type_on_launch": "ip-name",
            "tags": {
              "Name": "flask-postgres-tf-private-2"
            },
            "tags_all": {
              "Name": "flask-postgres-tf-private-2"
            },
            "timeouts": null,
            "vpc_id": "vpc-0b013cdcb6a08f1d8"
          },
          "sensitive_attributes": [],
          "private": "eyJlMmJmYjczMC1lY2FhLTExZTYtOGY4OC0zNDM2M2JjN2M0YzAiOnsiY3JlYXRlIjo2MDAwMDAwMDAwMDAsImRlbGV0ZSI6MTIwMDAwMDAwMDAwMH0sInNjaGVtYV92ZXJzaW9uIjoiMSJ9",
          "dependencies": [
            "aws_vpc.fp-vpc",
            "data.aws_availability_zones.azs"
          ]
        }
      ]
    },
    {
      "mode": "managed",
      "type": "aws_subnet",
      "name": "fp-public-subnets",
      "provider": "provider[\"registry.terraform.io/hashicorp/aws\"]",
      "instances": [
        {
          "index_key": 0,
          "schema_version": 1,
          "attributes": {
            "arn": "arn:aws:ec2:us-east-2:128810856714:subnet/subnet-0d902bdf24581be14",
            "assign_ipv6_address_on_creation": false,
            "availability_zone": "us-east-2a",
            "availability_zone_id": "use2-az1",
            "cidr_block": "10.0.1.0/24",
            "customer_owned_ipv4_pool": "",
            "enable_dns64": false,
            "enable_resource_name_dns_a_record_on_launch": false,
            "enable_resource_name_dns_aaaa_record_on_launch": false,
            "id": "subnet-0d902bdf24581be14",
            "ipv6_cidr_block": "",
            "ipv6_cidr_block_association_id": "",
            "ipv6_native": false,
            "map_customer_owned_ip_on_launch": false,
            "map_public_ip_on_launch": true,
            "outpost_arn": "",
            "owner_id": "128810856714",
            "private_dns_hostname_type_on_launch": "ip-name",
            "tags": {
              "Name": "flask-postgres-tf-public-1"
            },
            "tags_all": {
              "Name": "flask-postgres-tf-public-1"
            },
            "timeouts": null,
            "vpc_id": "vpc-0b013cdcb6a08f1d8"
          },
          "sensitive_attributes": [],
          "private": "eyJlMmJmYjczMC1lY2FhLTExZTYtOGY4OC0zNDM2M2JjN2M0YzAiOnsiY3JlYXRlIjo2MDAwMDAwMDAwMDAsImRlbGV0ZSI6MTIwMDAwMDAwMDAwMH0sInNjaGVtYV92ZXJzaW9uIjoiMSJ9",
          "dependencies": [
            "aws_vpc.fp-vpc",
            "data.aws_availability_zones.azs"
          ]
        },
        {
          "index_key": 1,
          "schema_version": 1,
          "attributes": {
            "arn": "arn:aws:ec2:us-east-2:128810856714:subnet/subnet-06828e39ae4701c5d",
            "assign_ipv6_address_on_creation": false,
            "availability_zone": "us-east-2b",
            "availability_zone_id": "use2-az2",
            "cidr_block": "10.0.2.0/24",
            "customer_owned_ipv4_pool": "",
            "enable_dns64": false,
            "enable_resource_name_dns_a_record_on_launch": false,
            "enable_resource_name_dns_aaaa_record_on_launch": false,
            "id": "subnet-06828e39ae4701c5d",
            "ipv6_cidr_block": "",
            "ipv6_cidr_block_association_id": "",
            "ipv6_native": false,
            "map_customer_owned_ip_on_launch": false,
            "map_public_ip_on_launch": true,
            "outpost_arn": "",
            "owner_id": "128810856714",
            "private_dns_hostname_type_on_launch": "ip-name",
            "tags": {
              "Name": "flask-postgres-tf-public-2"
            },
            "tags_all": {
              "Name": "flask-postgres-tf-public-2"
            },
            "timeouts": null,
            "vpc_id": "vpc-0b013cdcb6a08f1d8"
          },
          "sensitive_attributes": [],
          "private": "eyJlMmJmYjczMC1lY2FhLTExZTYtOGY4OC0zNDM2M2JjN2M0YzAiOnsiY3JlYXRlIjo2MDAwMDAwMDAwMDAsImRlbGV0ZSI6MTIwMDAwMDAwMDAwMH0sInNjaGVtYV92ZXJzaW9uIjoiMSJ9",
          "dependencies": [
            "aws_vpc.fp-vpc",
            "data.aws_availability_zones.azs"
          ]
        }
      ]
    },
    {
      "mode": "managed",
      "type": "aws_vpc",
      "name": "fp-vpc",
      "provider": "provider[\"registry.terraform.io/hashicorp/aws\"]",
      "instances": [
        {
          "schema_version": 1,
          "attributes": {
            "arn": "arn:aws:ec2:us-east-2:128810856714:vpc/vpc-0b013cdcb6a08f1d8",
            "assign_generated_ipv6_cidr_block": false,
            "cidr_block": "10.0.0.0/16",
            "default_network_acl_id": "acl-0b05b4dd89338adbd",
            "default_route_table_id": "rtb-0c5e1abf2195ed14b",
            "default_security_group_id": "sg-0b15234ba85265b8a",
            "dhcp_options_id": "dopt-0900c07ea2f9abf32",
            "enable_classiclink": false,
            "enable_classiclink_dns_support": false,
            "enable_dns_hostnames": true,
            "enable_dns_support": true,
            "enable_network_address_usage_metrics": false,
            "id": "vpc-0b013cdcb6a08f1d8",
            "instance_tenancy": "default",
            "ipv4_ipam_pool_id": null,
            "ipv4_netmask_length": null,
            "ipv6_association_id": "",
            "ipv6_cidr_block": "",
            "ipv6_cidr_block_network_border_group": "",
            "ipv6_ipam_pool_id": "",
            "ipv6_netmask_length": 0,
            "main_route_table_id": "rtb-0c5e1abf2195ed14b",
            "owner_id": "128810856714",
            "tags": {
              "Name": "flask-postgres-vpc"
            },
            "tags_all": {
              "Name": "flask-postgres-vpc"
            }
          },
          "sensitive_attributes": [],
          "private": "eyJzY2hlbWFfdmVyc2lvbiI6IjEifQ=="
        }
      ]
    },
    {
      "mode": "managed",
      "type": "random_string",
      "name": "flask-secret-key",
      "provider": "provider[\"registry.terraform.io/hashicorp/random\"]",
      "instances": [
        {
          "schema_version": 2,
          "attributes": {
            "id": "MeW0LljJstxXoFp/",
            "keepers": null,
            "length": 16,
            "lower": true,
            "min_lower": 0,
            "min_numeric": 0,
            "min_special": 0,
            "min_upper": 0,
            "number": true,
            "numeric": true,
            "override_special": "/@\" ",
            "result": "MeW0LljJstxXoFp/",
            "special": true,
            "upper": true
          },
          "sensitive_attributes": []
        }
      ]
    }
  ]
}
